
Microsoft Visual Studio Solution File, Format Version 12.00
# Visual Studio Version 17
VisualStudioVersion = 17.14.36616.10 d17.14
MinimumVisualStudioVersion = 10.0.40219.1
Project("{FAE04EC0-301F-11D3-BF4B-00C04F79EFBC}") = "Encapsulation", "Encapsulation\Encapsulation.csproj", "{7F95336E-AE45-4FF8-AE7F-1ED50E5A093C}"
EndProject
Project("{FAE04EC0-301F-11D3-BF4B-00C04F79EFBC}") = "Abstraction", "Abstraction\Abstraction.csproj", "{447FAF67-2A32-4F94-AF79-DB23EEB4FE94}"
EndProject
Project("{FAE04EC0-301F-11D3-BF4B-00C04F79EFBC}") = "Inheritance", "Inheritance\Inheritance.csproj", "{719C4674-79E8-4CD7-B991-325D3C4D387A}"
EndProject
Project("{FAE04EC0-301F-11D3-BF4B-00C04F79EFBC}") = "Polymorphism", "Polymorphism\Polymorphism.csproj", "{FC6D2FBC-A566-41DC-BF96-5DD3FE6E54F0}"
EndProject
Global
	GlobalSection(SolutionConfigurationPlatforms) = preSolution
		Debug|Any CPU = Debug|Any CPU
		Release|Any CPU = Release|Any CPU
	EndGlobalSection
	GlobalSection(ProjectConfigurationPlatforms) = postSolution
		{7F95336E-AE45-4FF8-AE7F-1ED50E5A093C}.Debug|Any CPU.ActiveCfg = Debug|Any CPU
		{7F95336E-AE45-4FF8-AE7F-1ED50E5A093C}.Debug|Any CPU.Build.0 = Debug|Any CPU
		{7F95336E-AE45-4FF8-AE7F-1ED50E5A093C}.Release|Any CPU.ActiveCfg = Release|Any CPU
		{7F95336E-AE45-4FF8-AE7F-1ED50E5A093C}.Release|Any CPU.Build.0 = Release|Any CPU
		{447FAF67-2A32-4F94-AF79-DB23EEB4FE94}.Debug|Any CPU.ActiveCfg = Debug|Any CPU
		{447FAF67-2A32-4F94-AF79-DB23EEB4FE94}.Debug|Any CPU.Build.0 = Debug|Any CPU
		{447FAF67-2A32-4F94-AF79-DB23EEB4FE94}.Release|Any CPU.ActiveCfg = Release|Any CPU
		{447FAF67-2A32-4F94-AF79-DB23EEB4FE94}.Release|Any CPU.Build.0 = Release|Any CPU
		{719C4674-79E8-4CD7-B991-325D3C4D387A}.Debug|Any CPU.ActiveCfg = Debug|Any CPU
		{719C4674-79E8-4CD7-B991-325D3C4D387A}.Debug|Any CPU.Build.0 = Debug|Any CPU
		{719C4674-79E8-4CD7-B991-325D3C4D387A}.Release|Any CPU.ActiveCfg = Release|Any CPU
		{719C4674-79E8-4CD7-B991-325D3C4D387A}.Release|Any CPU.Build.0 = Release|Any CPU
		{FC6D2FBC-A566-41DC-BF96-5DD3FE6E54F0}.Debug|Any CPU.ActiveCfg = Debug|Any CPU
		{FC6D2FBC-A566-41DC-BF96-5DD3FE6E54F0}.Debug|Any CPU.Build.0 = Debug|Any CPU
		{FC6D2FBC-A566-41DC-BF96-5DD3FE6E54F0}.Release|Any CPU.ActiveCfg = Release|Any CPU
		{FC6D2FBC-A566-41DC-BF96-5DD3FE6E54F0}.Release|Any CPU.Build.0 = Release|Any CPU
	EndGlobalSection
	GlobalSection(SolutionProperties) = preSolution
		HideSolutionNode = FALSE
	EndGlobalSection
	GlobalSection(ExtensibilityGlobals) = postSolution
		SolutionGuid = {EA6C8213-CC5E-4659-93C8-110745DD1AC6}
	EndGlobalSection
EndGlobal
