
Microsoft Visual Studio Solution File, Format Version 12.00
# Visual Studio Version 17
VisualStudioVersion = 17.14.36616.10 d17.14
MinimumVisualStudioVersion = 10.0.40219.1
Project("{FAE04EC0-301F-11D3-BF4B-00C04F79EFBC}") = "Encapsulation", "Encapsulation\Encapsulation.csproj", "{7F95336E-AE45-4FF8-AE7F-1ED50E5A093C}"
EndProject
Global
	GlobalSection(SolutionConfigurationPlatforms) = preSolution
		Debug|Any CPU = Debug|Any CPU
		Release|Any CPU = Release|Any CPU
	EndGlobalSection
	GlobalSection(ProjectConfigurationPlatforms) = postSolution
		{7F95336E-AE45-4FF8-AE7F-1ED50E5A093C}.Debug|Any CPU.ActiveCfg = Debug|Any CPU
		{7F95336E-AE45-4FF8-AE7F-1ED50E5A093C}.Debug|Any CPU.Build.0 = Debug|Any CPU
		{7F95336E-AE45-4FF8-AE7F-1ED50E5A093C}.Release|Any CPU.ActiveCfg = Release|Any CPU
		{7F95336E-AE45-4FF8-AE7F-1ED50E5A093C}.Release|Any CPU.Build.0 = Release|Any CPU
	EndGlobalSection
	GlobalSection(SolutionProperties) = preSolution
		HideSolutionNode = FALSE
	EndGlobalSection
	GlobalSection(ExtensibilityGlobals) = postSolution
		SolutionGuid = {EA6C8213-CC5E-4659-93C8-110745DD1AC6}
	EndGlobalSection
EndGlobal
